[metadata]
version = "3"
lock_version = "1"

[venv]
project_path = "."

[tools]

[target.pyproject_toml.dependencies]
mcp = {version = "~0.8.0", extras = ["cli"]}
python-dotenv = {version = "~1.0.0", source = "pypi"}
aiohttp = {version = "~3.9.1", source = "pypi"}
requests = {version = "~2.31.0", source = "pypi"}
pydantic = {version = "~2.5.2", source = "pypi"}
pyproject-toml = {version = "~0.1.0", source = "pypi"}
